
Microsoft Visual Studio Solution File, Format Version 12.00
# Visual Studio 2013
VisualStudioVersion = 12.0.31101.0
MinimumVisualStudioVersion = 10.0.40219.1
Project("{FAE04EC0-301F-11D3-BF4B-00C04F79EFBC}") = "Main", "RateCalculator\Main.csproj", "{1F6F73BB-A48E-49B2-8486-D9539BC74A49}"
EndProject
Project("{FAE04EC0-301F-11D3-BF4B-00C04F79EFBC}") = "Core", "Core\Core.csproj", "{9049B609-CB7F-4685-A5A6-53378C8F155C}"
EndProject
Project("{FAE04EC0-301F-11D3-BF4B-00C04F79EFBC}") = "CoreTest", "CoreTest\CoreTest.csproj", "{00EDF24C-E658-43B7-B8D7-F2C9336ADFDF}"
EndProject
Global
	GlobalSection(SolutionConfigurationPlatforms) = preSolution
		Debug|Any CPU = Debug|Any CPU
		Release|Any CPU = Release|Any CPU
	EndGlobalSection
	GlobalSection(ProjectConfigurationPlatforms) = postSolution
		{1F6F73BB-A48E-49B2-8486-D9539BC74A49}.Debug|Any CPU.ActiveCfg = Debug|Any CPU
		{1F6F73BB-A48E-49B2-8486-D9539BC74A49}.Debug|Any CPU.Build.0 = Debug|Any CPU
		{1F6F73BB-A48E-49B2-8486-D9539BC74A49}.Release|Any CPU.ActiveCfg = Release|Any CPU
		{1F6F73BB-A48E-49B2-8486-D9539BC74A49}.Release|Any CPU.Build.0 = Release|Any CPU
		{9049B609-CB7F-4685-A5A6-53378C8F155C}.Debug|Any CPU.ActiveCfg = Debug|Any CPU
		{9049B609-CB7F-4685-A5A6-53378C8F155C}.Debug|Any CPU.Build.0 = Debug|Any CPU
		{9049B609-CB7F-4685-A5A6-53378C8F155C}.Release|Any CPU.ActiveCfg = Release|Any CPU
		{9049B609-CB7F-4685-A5A6-53378C8F155C}.Release|Any CPU.Build.0 = Release|Any CPU
		{00EDF24C-E658-43B7-B8D7-F2C9336ADFDF}.Debug|Any CPU.ActiveCfg = Debug|Any CPU
		{00EDF24C-E658-43B7-B8D7-F2C9336ADFDF}.Debug|Any CPU.Build.0 = Debug|Any CPU
		{00EDF24C-E658-43B7-B8D7-F2C9336ADFDF}.Release|Any CPU.ActiveCfg = Release|Any CPU
		{00EDF24C-E658-43B7-B8D7-F2C9336ADFDF}.Release|Any CPU.Build.0 = Release|Any CPU
	EndGlobalSection
	GlobalSection(SolutionProperties) = preSolution
		HideSolutionNode = FALSE
	EndGlobalSection
EndGlobal
